
Microsoft Visual Studio Solution File, Format Version 12.00
# Visual Studio Version 17
VisualStudioVersion = 17.6.33815.320
MinimumVisualStudioVersion = 10.0.40219.1
Project("{FAE04EC0-301F-11D3-BF4B-00C04F79EFBC}") = "Light_able", "Light_able.csproj", "{10FD5D53-02E5-449F-BD6C-A271F70868F5}"
EndProject
Global
	GlobalSection(SolutionConfigurationPlatforms) = preSolution
		Debug|Any CPU = Debug|Any CPU
		Release|Any CPU = Release|Any CPU
	EndGlobalSection
	GlobalSection(ProjectConfigurationPlatforms) = postSolution
		{10FD5D53-02E5-449F-BD6C-A271F70868F5}.Debug|Any CPU.ActiveCfg = Debug|Any CPU
		{10FD5D53-02E5-449F-BD6C-A271F70868F5}.Debug|Any CPU.Build.0 = Debug|Any CPU
		{10FD5D53-02E5-449F-BD6C-A271F70868F5}.Release|Any CPU.ActiveCfg = Release|Any CPU
		{10FD5D53-02E5-449F-BD6C-A271F70868F5}.Release|Any CPU.Build.0 = Release|Any CPU
	EndGlobalSection
	GlobalSection(SolutionProperties) = preSolution
		HideSolutionNode = FALSE
	EndGlobalSection
	GlobalSection(ExtensibilityGlobals) = postSolution
		SolutionGuid = {3ED6CB94-14F7-4CC3-A058-162F9AF9894C}
	EndGlobalSection
EndGlobal
