
Microsoft Visual Studio Solution File, Format Version 12.00
# Visual Studio Version 17
VisualStudioVersion = 17.6.33815.320
MinimumVisualStudioVersion = 10.0.40219.1
Project("{FAE04EC0-301F-11D3-BF4B-00C04F79EFBC}") = "Elvish", "Elvish.csproj", "{A087C65F-6066-4953-9918-E86E4A5C251B}"
EndProject
Global
	GlobalSection(SolutionConfigurationPlatforms) = preSolution
		Debug|Any CPU = Debug|Any CPU
		Release|Any CPU = Release|Any CPU
	EndGlobalSection
	GlobalSection(ProjectConfigurationPlatforms) = postSolution
		{A087C65F-6066-4953-9918-E86E4A5C251B}.Debug|Any CPU.ActiveCfg = Debug|Any CPU
		{A087C65F-6066-4953-9918-E86E4A5C251B}.Debug|Any CPU.Build.0 = Debug|Any CPU
		{A087C65F-6066-4953-9918-E86E4A5C251B}.Release|Any CPU.ActiveCfg = Release|Any CPU
		{A087C65F-6066-4953-9918-E86E4A5C251B}.Release|Any CPU.Build.0 = Release|Any CPU
	EndGlobalSection
	GlobalSection(SolutionProperties) = preSolution
		HideSolutionNode = FALSE
	EndGlobalSection
	GlobalSection(ExtensibilityGlobals) = postSolution
		SolutionGuid = {EDEDBE0D-D58B-4D7C-A557-CA7566A3031F}
	EndGlobalSection
EndGlobal
