
Microsoft Visual Studio Solution File, Format Version 12.00
# Visual Studio Version 17
VisualStudioVersion = 17.6.33815.320
MinimumVisualStudioVersion = 10.0.40219.1
Project("{9A19103F-16F7-4668-BE54-9A1E7A4F7556}") = "Sliced", "Sliced.csproj", "{23F7CC60-1065-4D4B-87A8-CE5B7E69E092}"
EndProject
Global
	GlobalSection(SolutionConfigurationPlatforms) = preSolution
		Debug|Any CPU = Debug|Any CPU
		Release|Any CPU = Release|Any CPU
	EndGlobalSection
	GlobalSection(ProjectConfigurationPlatforms) = postSolution
		{23F7CC60-1065-4D4B-87A8-CE5B7E69E092}.Debug|Any CPU.ActiveCfg = Debug|Any CPU
		{23F7CC60-1065-4D4B-87A8-CE5B7E69E092}.Debug|Any CPU.Build.0 = Debug|Any CPU
		{23F7CC60-1065-4D4B-87A8-CE5B7E69E092}.Release|Any CPU.ActiveCfg = Release|Any CPU
		{23F7CC60-1065-4D4B-87A8-CE5B7E69E092}.Release|Any CPU.Build.0 = Release|Any CPU
	EndGlobalSection
	GlobalSection(SolutionProperties) = preSolution
		HideSolutionNode = FALSE
	EndGlobalSection
	GlobalSection(ExtensibilityGlobals) = postSolution
		SolutionGuid = {49156D5E-56CB-4CE4-AC4D-B1F08C05C26A}
	EndGlobalSection
EndGlobal
